// !$*UTF8*$!
{
	archiveVersion = 1;
	classes = {
	};
	objectVersion = 46;
	objects = {

/* Begin PBXBuildFile section */
		44154E801A4FB7FB00FE182F /* Sudoku.cpp in Sources */ = {isa = PBXBuildFile; fileRef = 44154E7F1A4FB7FB00FE182F /* Sudoku.cpp */; };
		44154E821A51DB6C00FE182F /* MaxGap.cpp in Sources */ = {isa = PBXBuildFile; fileRef = 44154E811A51DB6C00FE182F /* MaxGap.cpp */; };
		44154E841A54763200FE182F /* LongestValidParentheses.cpp in Sources */ = {isa = PBXBuildFile; fileRef = 44154E831A54763200FE182F /* LongestValidParentheses.cpp */; };
		44154E861A54AAFB00FE182F /* WildcardMatching.cpp in Sources */ = {isa = PBXBuildFile; fileRef = 44154E851A54AAFB00FE182F /* WildcardMatching.cpp */; };
		44CAC7D41A3FE15A005330DC /* main.cpp in Sources */ = {isa = PBXBuildFile; fileRef = 44CAC7D31A3FE15A005330DC /* main.cpp */; };
		44CAC7DB1A3FEE8D005330DC /* ValidNumber.cpp in Sources */ = {isa = PBXBuildFile; fileRef = 44CAC7DA1A3FEE8D005330DC /* ValidNumber.cpp */; };
		44CAC7DD1A40F6C9005330DC /* Intervals.cpp in Sources */ = {isa = PBXBuildFile; fileRef = 44CAC7DC1A40F6C9005330DC /* Intervals.cpp */; };
		44CAC7DF1A4388D5005330DC /* Jump.cpp in Sources */ = {isa = PBXBuildFile; fileRef = 44CAC7DE1A4388D5005330DC /* Jump.cpp */; };
		44CAC7E11A43A706005330DC /* DivideMore.cpp in Sources */ = {isa = PBXBuildFile; fileRef = 44CAC7E01A43A706005330DC /* DivideMore.cpp */; };
		44CAC7E31A44F55C005330DC /* LongestIncrSeq.cpp in Sources */ = {isa = PBXBuildFile; fileRef = 44CAC7E21A44F55C005330DC /* LongestIncrSeq.cpp */; };
		44CAC7E71A4A7A80005330DC /* MinAdjustCost.cpp in Sources */ = {isa = PBXBuildFile; fileRef = 44CAC7E61A4A7A80005330DC /* MinAdjustCost.cpp */; };
		44F87A171A4F624D0085B688 /* FirstMissingPositive.cpp in Sources */ = {isa = PBXBuildFile; fileRef = 44F87A161A4F624D0085B688 /* FirstMissingPositive.cpp */; };
/* End PBXBuildFile section */

/* Begin PBXCopyFilesBuildPhase section */
		44CAC7CE1A3FE15A005330DC /* CopyFiles */ = {
			isa = PBXCopyFilesBuildPhase;
			buildActionMask = 2147483647;
			dstPath = /usr/share/man/man1/;
			dstSubfolderSpec = 0;
			files = (
			);
			runOnlyForDeploymentPostprocessing = 1;
		};
/* End PBXCopyFilesBuildPhase section */

/* Begin PBXFileReference section */
		44154E7F1A4FB7FB00FE182F /* Sudoku.cpp */ = {isa = PBXFileReference; fileEncoding = 4; lastKnownFileType = sourcecode.cpp.cpp; path = Sudoku.cpp; sourceTree = "<group>"; };
		44154E811A51DB6C00FE182F /* MaxGap.cpp */ = {isa = PBXFileReference; fileEncoding = 4; lastKnownFileType = sourcecode.cpp.cpp; path = MaxGap.cpp; sourceTree = "<group>"; };
		44154E831A54763200FE182F /* LongestValidParentheses.cpp */ = {isa = PBXFileReference; fileEncoding = 4; lastKnownFileType = sourcecode.cpp.cpp; path = LongestValidParentheses.cpp; sourceTree = "<group>"; };
		44154E851A54AAFB00FE182F /* WildcardMatching.cpp */ = {isa = PBXFileReference; fileEncoding = 4; lastKnownFileType = sourcecode.cpp.cpp; path = WildcardMatching.cpp; sourceTree = "<group>"; };
		44CAC7D01A3FE15A005330DC /* Algo2 */ = {isa = PBXFileReference; explicitFileType = "compiled.mach-o.executable"; includeInIndex = 0; path = Algo2; sourceTree = BUILT_PRODUCTS_DIR; };
		44CAC7D31A3FE15A005330DC /* main.cpp */ = {isa = PBXFileReference; lastKnownFileType = sourcecode.cpp.cpp; path = main.cpp; sourceTree = "<group>"; };
		44CAC7DA1A3FEE8D005330DC /* ValidNumber.cpp */ = {isa = PBXFileReference; fileEncoding = 4; lastKnownFileType = sourcecode.cpp.cpp; path = ValidNumber.cpp; sourceTree = "<group>"; };
		44CAC7DC1A40F6C9005330DC /* Intervals.cpp */ = {isa = PBXFileReference; fileEncoding = 4; lastKnownFileType = sourcecode.cpp.cpp; path = Intervals.cpp; sourceTree = "<group>"; };
		44CAC7DE1A4388D5005330DC /* Jump.cpp */ = {isa = PBXFileReference; fileEncoding = 4; lastKnownFileType = sourcecode.cpp.cpp; path = Jump.cpp; sourceTree = "<group>"; };
		44CAC7E01A43A706005330DC /* DivideMore.cpp */ = {isa = PBXFileReference; fileEncoding = 4; lastKnownFileType = sourcecode.cpp.cpp; path = DivideMore.cpp; sourceTree = "<group>"; };
		44CAC7E21A44F55C005330DC /* LongestIncrSeq.cpp */ = {isa = PBXFileReference; fileEncoding = 4; lastKnownFileType = sourcecode.cpp.cpp; path = LongestIncrSeq.cpp; sourceTree = "<group>"; };
		44CAC7E61A4A7A80005330DC /* MinAdjustCost.cpp */ = {isa = PBXFileReference; fileEncoding = 4; lastKnownFileType = sourcecode.cpp.cpp; path = MinAdjustCost.cpp; sourceTree = "<group>"; };
		44F87A161A4F624D0085B688 /* FirstMissingPositive.cpp */ = {isa = PBXFileReference; fileEncoding = 4; lastKnownFileType = sourcecode.cpp.cpp; path = FirstMissingPositive.cpp; sourceTree = "<group>"; };
/* End PBXFileReference section */

/* Begin PBXFrameworksBuildPhase section */
		44CAC7CD1A3FE15A005330DC /* Frameworks */ = {
			isa = PBXFrameworksBuildPhase;
			buildActionMask = 2147483647;
			files = (
			);
			runOnlyForDeploymentPostprocessing = 0;
		};
/* End PBXFrameworksBuildPhase section */

/* Begin PBXGroup section */
		44CAC7C71A3FE15A005330DC = {
			isa = PBXGroup;
			children = (
				44CAC7D21A3FE15A005330DC /* Algo2 */,
				44CAC7D11A3FE15A005330DC /* Products */,
			);
			sourceTree = "<group>";
		};
		44CAC7D11A3FE15A005330DC /* Products */ = {
			isa = PBXGroup;
			children = (
				44CAC7D01A3FE15A005330DC /* Algo2 */,
			);
			name = Products;
			sourceTree = "<group>";
		};
		44CAC7D21A3FE15A005330DC /* Algo2 */ = {
			isa = PBXGroup;
			children = (
				44CAC7E01A43A706005330DC /* DivideMore.cpp */,
				44F87A161A4F624D0085B688 /* FirstMissingPositive.cpp */,
				44CAC7DC1A40F6C9005330DC /* Intervals.cpp */,
				44CAC7DE1A4388D5005330DC /* Jump.cpp */,
				44CAC7E21A44F55C005330DC /* LongestIncrSeq.cpp */,
				44CAC7D31A3FE15A005330DC /* main.cpp */,
				44CAC7E61A4A7A80005330DC /* MinAdjustCost.cpp */,
				44154E7F1A4FB7FB00FE182F /* Sudoku.cpp */,
				44CAC7DA1A3FEE8D005330DC /* ValidNumber.cpp */,
				44154E811A51DB6C00FE182F /* MaxGap.cpp */,
				44154E831A54763200FE182F /* LongestValidParentheses.cpp */,
				44154E851A54AAFB00FE182F /* WildcardMatching.cpp */,
			);
			path = Algo2;
			sourceTree = "<group>";
		};
/* End PBXGroup section */

/* Begin PBXNativeTarget section */
		44CAC7CF1A3FE15A005330DC /* Algo2 */ = {
			isa = PBXNativeTarget;
			buildConfigurationList = 44CAC7D71A3FE15A005330DC /* Build configuration list for PBXNativeTarget "Algo2" */;
			buildPhases = (
				44CAC7CC1A3FE15A005330DC /* Sources */,
				44CAC7CD1A3FE15A005330DC /* Frameworks */,
				44CAC7CE1A3FE15A005330DC /* CopyFiles */,
			);
			buildRules = (
			);
			dependencies = (
			);
			name = Algo2;
			productName = Algo2;
			productReference = 44CAC7D01A3FE15A005330DC /* Algo2 */;
			productType = "com.apple.product-type.tool";
		};
/* End PBXNativeTarget section */

/* Begin PBXProject section */
		44CAC7C81A3FE15A005330DC /* Project object */ = {
			isa = PBXProject;
			attributes = {
				LastUpgradeCheck = 0610;
				ORGANIZATIONNAME = "WENTAO INC.";
				TargetAttributes = {
					44CAC7CF1A3FE15A005330DC = {
						CreatedOnToolsVersion = 6.1.1;
					};
				};
			};
			buildConfigurationList = 44CAC7CB1A3FE15A005330DC /* Build configuration list for PBXProject "Algo2" */;
			compatibilityVersion = "Xcode 3.2";
			developmentRegion = English;
			hasScannedForEncodings = 0;
			knownRegions = (
				en,
			);
			mainGroup = 44CAC7C71A3FE15A005330DC;
			productRefGroup = 44CAC7D11A3FE15A005330DC /* Products */;
			projectDirPath = "";
			projectRoot = "";
			targets = (
				44CAC7CF1A3FE15A005330DC /* Algo2 */,
			);
		};
/* End PBXProject section */

/* Begin PBXSourcesBuildPhase section */
		44CAC7CC1A3FE15A005330DC /* Sources */ = {
			isa = PBXSourcesBuildPhase;
			buildActionMask = 2147483647;
			files = (
				44CAC7D41A3FE15A005330DC /* main.cpp in Sources */,
				44CAC7DF1A4388D5005330DC /* Jump.cpp in Sources */,
				44CAC7E31A44F55C005330DC /* LongestIncrSeq.cpp in Sources */,
				44CAC7DD1A40F6C9005330DC /* Intervals.cpp in Sources */,
				44CAC7E71A4A7A80005330DC /* MinAdjustCost.cpp in Sources */,
				44CAC7DB1A3FEE8D005330DC /* ValidNumber.cpp in Sources */,
				44154E861A54AAFB00FE182F /* WildcardMatching.cpp in Sources */,
				44F87A171A4F624D0085B688 /* FirstMissingPositive.cpp in Sources */,
				44154E801A4FB7FB00FE182F /* Sudoku.cpp in Sources */,
				44CAC7E11A43A706005330DC /* DivideMore.cpp in Sources */,
				44154E821A51DB6C00FE182F /* MaxGap.cpp in Sources */,
				44154E841A54763200FE182F /* LongestValidParentheses.cpp in Sources */,
			);
			runOnlyForDeploymentPostprocessing = 0;
		};
/* End PBXSourcesBuildPhase section */

/* Begin XCBuildConfiguration section */
		44CAC7D51A3FE15A005330DC /* Debug */ = {
			isa = XCBuildConfiguration;
			buildSettings = {
				ALWAYS_SEARCH_USER_PATHS = NO;
				CLANG_CXX_LANGUAGE_STANDARD = "gnu++0x";
				CLANG_CXX_LIBRARY = "libc++";
				CLANG_ENABLE_MODULES = YES;
				CLANG_ENABLE_OBJC_ARC = YES;
				CLANG_WARN_BOOL_CONVERSION = YES;
				CLANG_WARN_CONSTANT_CONVERSION = YES;
				CLANG_WARN_DIRECT_OBJC_ISA_USAGE = YES_ERROR;
				CLANG_WARN_EMPTY_BODY = YES;
				CLANG_WARN_ENUM_CONVERSION = YES;
				CLANG_WARN_INT_CONVERSION = YES;
				CLANG_WARN_OBJC_ROOT_CLASS = YES_ERROR;
				CLANG_WARN_UNREACHABLE_CODE = YES;
				CLANG_WARN__DUPLICATE_METHOD_MATCH = YES;
				COPY_PHASE_STRIP = NO;
				ENABLE_STRICT_OBJC_MSGSEND = YES;
				GCC_C_LANGUAGE_STANDARD = gnu99;
				GCC_DYNAMIC_NO_PIC = NO;
				GCC_OPTIMIZATION_LEVEL = 0;
				GCC_PREPROCESSOR_DEFINITIONS = (
					"DEBUG=1",
					"$(inherited)",
				);
				GCC_SYMBOLS_PRIVATE_EXTERN = NO;
				GCC_WARN_64_TO_32_BIT_CONVERSION = YES;
				GCC_WARN_ABOUT_RETURN_TYPE = YES_ERROR;
				GCC_WARN_UNDECLARED_SELECTOR = YES;
				GCC_WARN_UNINITIALIZED_AUTOS = YES_AGGRESSIVE;
				GCC_WARN_UNUSED_FUNCTION = YES;
				GCC_WARN_UNUSED_VARIABLE = YES;
				MACOSX_DEPLOYMENT_TARGET = 10.9;
				MTL_ENABLE_DEBUG_INFO = YES;
				ONLY_ACTIVE_ARCH = YES;
				SDKROOT = macosx;
			};
			name = Debug;
		};
		44CAC7D61A3FE15A005330DC /* Release */ = {
			isa = XCBuildConfiguration;
			buildSettings = {
				ALWAYS_SEARCH_USER_PATHS = NO;
				CLANG_CXX_LANGUAGE_STANDARD = "gnu++0x";
				CLANG_CXX_LIBRARY = "libc++";
				CLANG_ENABLE_MODULES = YES;
				CLANG_ENABLE_OBJC_ARC = YES;
				CLANG_WARN_BOOL_CONVERSION = YES;
				CLANG_WARN_CONSTANT_CONVERSION = YES;
				CLANG_WARN_DIRECT_OBJC_ISA_USAGE = YES_ERROR;
				CLANG_WARN_EMPTY_BODY = YES;
				CLANG_WARN_ENUM_CONVERSION = YES;
				CLANG_WARN_INT_CONVERSION = YES;
				CLANG_WARN_OBJC_ROOT_CLASS = YES_ERROR;
				CLANG_WARN_UNREACHABLE_CODE = YES;
				CLANG_WARN__DUPLICATE_METHOD_MATCH = YES;
				COPY_PHASE_STRIP = YES;
				DEBUG_INFORMATION_FORMAT = "dwarf-with-dsym";
				ENABLE_NS_ASSERTIONS = NO;
				ENABLE_STRICT_OBJC_MSGSEND = YES;
				GCC_C_LANGUAGE_STANDARD = gnu99;
				GCC_WARN_64_TO_32_BIT_CONVERSION = YES;
				GCC_WARN_ABOUT_RETURN_TYPE = YES_ERROR;
				GCC_WARN_UNDECLARED_SELECTOR = YES;
				GCC_WARN_UNINITIALIZED_AUTOS = YES_AGGRESSIVE;
				GCC_WARN_UNUSED_FUNCTION = YES;
				GCC_WARN_UNUSED_VARIABLE = YES;
				MACOSX_DEPLOYMENT_TARGET = 10.9;
				MTL_ENABLE_DEBUG_INFO = NO;
				SDKROOT = macosx;
			};
			name = Release;
		};
		44CAC7D81A3FE15A005330DC /* Debug */ = {
			isa = XCBuildConfiguration;
			buildSettings = {
				PRODUCT_NAME = "$(TARGET_NAME)";
			};
			name = Debug;
		};
		44CAC7D91A3FE15A005330DC /* Release */ = {
			isa = XCBuildConfiguration;
			buildSettings = {
				PRODUCT_NAME = "$(TARGET_NAME)";
			};
			name = Release;
		};
/* End XCBuildConfiguration section */

/* Begin XCConfigurationList section */
		44CAC7CB1A3FE15A005330DC /* Build configuration list for PBXProject "Algo2" */ = {
			isa = XCConfigurationList;
			buildConfigurations = (
				44CAC7D51A3FE15A005330DC /* Debug */,
				44CAC7D61A3FE15A005330DC /* Release */,
			);
			defaultConfigurationIsVisible = 0;
			defaultConfigurationName = Release;
		};
		44CAC7D71A3FE15A005330DC /* Build configuration list for PBXNativeTarget "Algo2" */ = {
			isa = XCConfigurationList;
			buildConfigurations = (
				44CAC7D81A3FE15A005330DC /* Debug */,
				44CAC7D91A3FE15A005330DC /* Release */,
			);
			defaultConfigurationIsVisible = 0;
			defaultConfigurationName = Release;
		};
/* End XCConfigurationList section */
	};
	rootObject = 44CAC7C81A3FE15A005330DC /* Project object */;
}
